
Microsoft Visual Studio Solution File, Format Version 12.00
# Visual Studio Version 17
VisualStudioVersion = 17.7.34202.233
MinimumVisualStudioVersion = 10.0.40219.1
Project("{8BC9CEB8-8B4A-11D0-8D11-00A0C91BC942}") = "sem2lab2", "sem2lab2\sem2lab2.vcxproj", "{A675340B-DDC5-4C57-B2D6-2F179EDB1A85}"
EndProject
Global
	GlobalSection(SolutionConfigurationPlatforms) = preSolution
		Debug|x64 = Debug|x64
		Debug|x86 = Debug|x86
		Release|x64 = Release|x64
		Release|x86 = Release|x86
	EndGlobalSection
	GlobalSection(ProjectConfigurationPlatforms) = postSolution
		{A675340B-DDC5-4C57-B2D6-2F179EDB1A85}.Debug|x64.ActiveCfg = Debug|x64
		{A675340B-DDC5-4C57-B2D6-2F179EDB1A85}.Debug|x64.Build.0 = Debug|x64
		{A675340B-DDC5-4C57-B2D6-2F179EDB1A85}.Debug|x86.ActiveCfg = Debug|Win32
		{A675340B-DDC5-4C57-B2D6-2F179EDB1A85}.Debug|x86.Build.0 = Debug|Win32
		{A675340B-DDC5-4C57-B2D6-2F179EDB1A85}.Release|x64.ActiveCfg = Release|x64
		{A675340B-DDC5-4C57-B2D6-2F179EDB1A85}.Release|x64.Build.0 = Release|x64
		{A675340B-DDC5-4C57-B2D6-2F179EDB1A85}.Release|x86.ActiveCfg = Release|Win32
		{A675340B-DDC5-4C57-B2D6-2F179EDB1A85}.Release|x86.Build.0 = Release|Win32
	EndGlobalSection
	GlobalSection(SolutionProperties) = preSolution
		HideSolutionNode = FALSE
	EndGlobalSection
	GlobalSection(ExtensibilityGlobals) = postSolution
		SolutionGuid = {0346D3E6-B16A-4588-AB3D-D3B31E0F73B8}
	EndGlobalSection
EndGlobal
